// !$*UTF8*$!
{
	archiveVersion = 1;
	classes = {
	};
	objectVersion = 46;
	objects = {

/* Begin PBXBuildFile section */
		B3B51A651E2E7271001E4991 /* EasyPhotoGallery.framework in Frameworks */ = {isa = PBXBuildFile; fileRef = B3B51A641E2E7271001E4991 /* EasyPhotoGallery.framework */; };
		B3B51A661E2E7271001E4991 /* EasyPhotoGallery.framework in Embed Frameworks */ = {isa = PBXBuildFile; fileRef = B3B51A641E2E7271001E4991 /* EasyPhotoGallery.framework */; settings = {ATTRIBUTES = (CodeSignOnCopy, RemoveHeadersOnCopy, ); }; };
		B3B51A691E2E729E001E4991 /* RxCocoa.framework in Frameworks */ = {isa = PBXBuildFile; fileRef = B3B51A681E2E729E001E4991 /* RxCocoa.framework */; };
		B3B51A6A1E2E729E001E4991 /* RxCocoa.framework in Embed Frameworks */ = {isa = PBXBuildFile; fileRef = B3B51A681E2E729E001E4991 /* RxCocoa.framework */; settings = {ATTRIBUTES = (CodeSignOnCopy, RemoveHeadersOnCopy, ); }; };
		B3B51A6C1E2E72A3001E4991 /* RxSwift.framework in Frameworks */ = {isa = PBXBuildFile; fileRef = B3B51A6B1E2E72A3001E4991 /* RxSwift.framework */; };
		B3B51A6D1E2E72A3001E4991 /* RxSwift.framework in Embed Frameworks */ = {isa = PBXBuildFile; fileRef = B3B51A6B1E2E72A3001E4991 /* RxSwift.framework */; settings = {ATTRIBUTES = (CodeSignOnCopy, RemoveHeadersOnCopy, ); }; };
		B3D16DAA1E2E7DE200F267A0 /* Media.xcassets in Resources */ = {isa = PBXBuildFile; fileRef = B3D16DA91E2E7DE200F267A0 /* Media.xcassets */; };
		B3E9B6BD1E2D7615000BE064 /* AppDelegate.swift in Sources */ = {isa = PBXBuildFile; fileRef = B3E9B6BC1E2D7615000BE064 /* AppDelegate.swift */; };
		B3E9B6C41E2D7615000BE064 /* Assets.xcassets in Resources */ = {isa = PBXBuildFile; fileRef = B3E9B6C31E2D7615000BE064 /* Assets.xcassets */; };
		B3E9B6C71E2D7615000BE064 /* LaunchScreen.storyboard in Resources */ = {isa = PBXBuildFile; fileRef = B3E9B6C51E2D7615000BE064 /* LaunchScreen.storyboard */; };
		B3E9B6D21E2D7615000BE064 /* EasyPhotoGallery_ExampleTests.swift in Sources */ = {isa = PBXBuildFile; fileRef = B3E9B6D11E2D7615000BE064 /* EasyPhotoGallery_ExampleTests.swift */; };
/* End PBXBuildFile section */

/* Begin PBXContainerItemProxy section */
		B3E9B6CE1E2D7615000BE064 /* PBXContainerItemProxy */ = {
			isa = PBXContainerItemProxy;
			containerPortal = B3E9B6B11E2D7615000BE064 /* Project object */;
			proxyType = 1;
			remoteGlobalIDString = B3E9B6B81E2D7615000BE064;
			remoteInfo = "EasyPhotoGallery-Example";
		};
/* End PBXContainerItemProxy section */

/* Begin PBXCopyFilesBuildPhase section */
		B3B51A671E2E7271001E4991 /* Embed Frameworks */ = {
			isa = PBXCopyFilesBuildPhase;
			buildActionMask = 2147483647;
			dstPath = "";
			dstSubfolderSpec = 10;
			files = (
				B3B51A6A1E2E729E001E4991 /* RxCocoa.framework in Embed Frameworks */,
				B3B51A661E2E7271001E4991 /* EasyPhotoGallery.framework in Embed Frameworks */,
				B3B51A6D1E2E72A3001E4991 /* RxSwift.framework in Embed Frameworks */,
			);
			name = "Embed Frameworks";
			runOnlyForDeploymentPostprocessing = 0;
		};
/* End PBXCopyFilesBuildPhase section */

/* Begin PBXFileReference section */
		B3B51A641E2E7271001E4991 /* EasyPhotoGallery.framework */ = {isa = PBXFileReference; explicitFileType = wrapper.framework; path = EasyPhotoGallery.framework; sourceTree = BUILT_PRODUCTS_DIR; };
		B3B51A681E2E729E001E4991 /* RxCocoa.framework */ = {isa = PBXFileReference; explicitFileType = wrapper.framework; path = RxCocoa.framework; sourceTree = BUILT_PRODUCTS_DIR; };
		B3B51A6B1E2E72A3001E4991 /* RxSwift.framework */ = {isa = PBXFileReference; explicitFileType = wrapper.framework; path = RxSwift.framework; sourceTree = BUILT_PRODUCTS_DIR; };
		B3D16DA91E2E7DE200F267A0 /* Media.xcassets */ = {isa = PBXFileReference; lastKnownFileType = folder.assetcatalog; path = Media.xcassets; sourceTree = "<group>"; };
		B3E9B6B91E2D7615000BE064 /* EasyPhotoGallery-Example.app */ = {isa = PBXFileReference; explicitFileType = wrapper.application; includeInIndex = 0; path = "EasyPhotoGallery-Example.app"; sourceTree = BUILT_PRODUCTS_DIR; };
		B3E9B6BC1E2D7615000BE064 /* AppDelegate.swift */ = {isa = PBXFileReference; lastKnownFileType = sourcecode.swift; path = AppDelegate.swift; sourceTree = "<group>"; };
		B3E9B6C31E2D7615000BE064 /* Assets.xcassets */ = {isa = PBXFileReference; lastKnownFileType = folder.assetcatalog; path = Assets.xcassets; sourceTree = "<group>"; };
		B3E9B6C61E2D7615000BE064 /* Base */ = {isa = PBXFileReference; lastKnownFileType = file.storyboard; name = Base; path = Base.lproj/LaunchScreen.storyboard; sourceTree = "<group>"; };
		B3E9B6C81E2D7615000BE064 /* Info.plist */ = {isa = PBXFileReference; lastKnownFileType = text.plist.xml; path = Info.plist; sourceTree = "<group>"; };
		B3E9B6CD1E2D7615000BE064 /* EasyPhotoGallery-ExampleTests.xctest */ = {isa = PBXFileReference; explicitFileType = wrapper.cfbundle; includeInIndex = 0; path = "EasyPhotoGallery-ExampleTests.xctest"; sourceTree = BUILT_PRODUCTS_DIR; };
		B3E9B6D11E2D7615000BE064 /* EasyPhotoGallery_ExampleTests.swift */ = {isa = PBXFileReference; lastKnownFileType = sourcecode.swift; path = EasyPhotoGallery_ExampleTests.swift; sourceTree = "<group>"; };
		B3E9B6D31E2D7615000BE064 /* Info.plist */ = {isa = PBXFileReference; lastKnownFileType = text.plist.xml; path = Info.plist; sourceTree = "<group>"; };
/* End PBXFileReference section */

/* Begin PBXFrameworksBuildPhase section */
		B3E9B6B61E2D7615000BE064 /* Frameworks */ = {
			isa = PBXFrameworksBuildPhase;
			buildActionMask = 2147483647;
			files = (
				B3B51A691E2E729E001E4991 /* RxCocoa.framework in Frameworks */,
				B3B51A651E2E7271001E4991 /* EasyPhotoGallery.framework in Frameworks */,
				B3B51A6C1E2E72A3001E4991 /* RxSwift.framework in Frameworks */,
			);
			runOnlyForDeploymentPostprocessing = 0;
		};
		B3E9B6CA1E2D7615000BE064 /* Frameworks */ = {
			isa = PBXFrameworksBuildPhase;
			buildActionMask = 2147483647;
			files = (
			);
			runOnlyForDeploymentPostprocessing = 0;
		};
/* End PBXFrameworksBuildPhase section */

/* Begin PBXGroup section */
		B38FFD381E2DBCE4004F4766 /* Frameworks */ = {
			isa = PBXGroup;
			children = (
				B3B51A6B1E2E72A3001E4991 /* RxSwift.framework */,
				B3B51A681E2E729E001E4991 /* RxCocoa.framework */,
				B3B51A641E2E7271001E4991 /* EasyPhotoGallery.framework */,
			);
			name = Frameworks;
			sourceTree = "<group>";
		};
		B3E9B6B01E2D7615000BE064 = {
			isa = PBXGroup;
			children = (
				B3E9B6BB1E2D7615000BE064 /* EasyPhotoGallery-Example */,
				B3E9B6D01E2D7615000BE064 /* EasyPhotoGallery-ExampleTests */,
				B3E9B6BA1E2D7615000BE064 /* Products */,
				B38FFD381E2DBCE4004F4766 /* Frameworks */,
			);
			sourceTree = "<group>";
		};
		B3E9B6BA1E2D7615000BE064 /* Products */ = {
			isa = PBXGroup;
			children = (
				B3E9B6B91E2D7615000BE064 /* EasyPhotoGallery-Example.app */,
				B3E9B6CD1E2D7615000BE064 /* EasyPhotoGallery-ExampleTests.xctest */,
			);
			name = Products;
			sourceTree = "<group>";
		};
		B3E9B6BB1E2D7615000BE064 /* EasyPhotoGallery-Example */ = {
			isa = PBXGroup;
			children = (
				B3E9B6BC1E2D7615000BE064 /* AppDelegate.swift */,
				B3E9B6C31E2D7615000BE064 /* Assets.xcassets */,
				B3D16DA91E2E7DE200F267A0 /* Media.xcassets */,
				B3E9B6C51E2D7615000BE064 /* LaunchScreen.storyboard */,
				B3E9B6C81E2D7615000BE064 /* Info.plist */,
			);
			path = "EasyPhotoGallery-Example";
			sourceTree = "<group>";
		};
		B3E9B6D01E2D7615000BE064 /* EasyPhotoGallery-ExampleTests */ = {
			isa = PBXGroup;
			children = (
				B3E9B6D11E2D7615000BE064 /* EasyPhotoGallery_ExampleTests.swift */,
				B3E9B6D31E2D7615000BE064 /* Info.plist */,
			);
			path = "EasyPhotoGallery-ExampleTests";
			sourceTree = "<group>";
		};
/* End PBXGroup section */

/* Begin PBXNativeTarget section */
		B3E9B6B81E2D7615000BE064 /* EasyPhotoGallery-Example */ = {
			isa = PBXNativeTarget;
			buildConfigurationList = B3E9B6D61E2D7615000BE064 /* Build configuration list for PBXNativeTarget "EasyPhotoGallery-Example" */;
			buildPhases = (
				B3E9B6B51E2D7615000BE064 /* Sources */,
				B3E9B6B61E2D7615000BE064 /* Frameworks */,
				B3E9B6B71E2D7615000BE064 /* Resources */,
				B3B51A671E2E7271001E4991 /* Embed Frameworks */,
			);
			buildRules = (
			);
			dependencies = (
			);
			name = "EasyPhotoGallery-Example";
			productName = "EasyPhotoGallery-Example";
			productReference = B3E9B6B91E2D7615000BE064 /* EasyPhotoGallery-Example.app */;
			productType = "com.apple.product-type.application";
		};
		B3E9B6CC1E2D7615000BE064 /* EasyPhotoGallery-ExampleTests */ = {
			isa = PBXNativeTarget;
			buildConfigurationList = B3E9B6D91E2D7615000BE064 /* Build configuration list for PBXNativeTarget "EasyPhotoGallery-ExampleTests" */;
			buildPhases = (
				B3E9B6C91E2D7615000BE064 /* Sources */,
				B3E9B6CA1E2D7615000BE064 /* Frameworks */,
				B3E9B6CB1E2D7615000BE064 /* Resources */,
			);
			buildRules = (
			);
			dependencies = (
				B3E9B6CF1E2D7615000BE064 /* PBXTargetDependency */,
			);
			name = "EasyPhotoGallery-ExampleTests";
			productName = "EasyPhotoGallery-ExampleTests";
			productReference = B3E9B6CD1E2D7615000BE064 /* EasyPhotoGallery-ExampleTests.xctest */;
			productType = "com.apple.product-type.bundle.unit-test";
		};
/* End PBXNativeTarget section */

/* Begin PBXProject section */
		B3E9B6B11E2D7615000BE064 /* Project object */ = {
			isa = PBXProject;
			attributes = {
				LastSwiftUpdateCheck = 0820;
				LastUpgradeCheck = 0820;
				ORGANIZATIONNAME = Giancarlo;
				TargetAttributes = {
					B3E9B6B81E2D7615000BE064 = {
						CreatedOnToolsVersion = 8.2.1;
						DevelopmentTeam = 6K6CP7SKQB;
						ProvisioningStyle = Automatic;
					};
					B3E9B6CC1E2D7615000BE064 = {
						CreatedOnToolsVersion = 8.2.1;
						DevelopmentTeam = 6K6CP7SKQB;
						ProvisioningStyle = Automatic;
						TestTargetID = B3E9B6B81E2D7615000BE064;
					};
				};
			};
			buildConfigurationList = B3E9B6B41E2D7615000BE064 /* Build configuration list for PBXProject "EasyPhotoGallery-Example" */;
			compatibilityVersion = "Xcode 3.2";
			developmentRegion = English;
			hasScannedForEncodings = 0;
			knownRegions = (
				en,
				Base,
			);
			mainGroup = B3E9B6B01E2D7615000BE064;
			productRefGroup = B3E9B6BA1E2D7615000BE064 /* Products */;
			projectDirPath = "";
			projectRoot = "";
			targets = (
				B3E9B6B81E2D7615000BE064 /* EasyPhotoGallery-Example */,
				B3E9B6CC1E2D7615000BE064 /* EasyPhotoGallery-ExampleTests */,
			);
		};
/* End PBXProject section */

/* Begin PBXResourcesBuildPhase section */
		B3E9B6B71E2D7615000BE064 /* Resources */ = {
			isa = PBXResourcesBuildPhase;
			buildActionMask = 2147483647;
			files = (
				B3E9B6C71E2D7615000BE064 /* LaunchScreen.storyboard in Resources */,
				B3D16DAA1E2E7DE200F267A0 /* Media.xcassets in Resources */,
				B3E9B6C41E2D7615000BE064 /* Assets.xcassets in Resources */,
			);
			runOnlyForDeploymentPostprocessing = 0;
		};
		B3E9B6CB1E2D7615000BE064 /* Resources */ = {
			isa = PBXResourcesBuildPhase;
			buildActionMask = 2147483647;
			files = (
			);
			runOnlyForDeploymentPostprocessing = 0;
		};
/* End PBXResourcesBuildPhase section */

/* Begin PBXSourcesBuildPhase section */
		B3E9B6B51E2D7615000BE064 /* Sources */ = {
			isa = PBXSourcesBuildPhase;
			buildActionMask = 2147483647;
			files = (
				B3E9B6BD1E2D7615000BE064 /* AppDelegate.swift in Sources */,
			);
			runOnlyForDeploymentPostprocessing = 0;
		};
		B3E9B6C91E2D7615000BE064 /* Sources */ = {
			isa = PBXSourcesBuildPhase;
			buildActionMask = 2147483647;
			files = (
				B3E9B6D21E2D7615000BE064 /* EasyPhotoGallery_ExampleTests.swift in Sources */,
			);
			runOnlyForDeploymentPostprocessing = 0;
		};
/* End PBXSourcesBuildPhase section */

/* Begin PBXTargetDependency section */
		B3E9B6CF1E2D7615000BE064 /* PBXTargetDependency */ = {
			isa = PBXTargetDependency;
			target = B3E9B6B81E2D7615000BE064 /* EasyPhotoGallery-Example */;
			targetProxy = B3E9B6CE1E2D7615000BE064 /* PBXContainerItemProxy */;
		};
/* End PBXTargetDependency section */

/* Begin PBXVariantGroup section */
		B3E9B6C51E2D7615000BE064 /* LaunchScreen.storyboard */ = {
			isa = PBXVariantGroup;
			children = (
				B3E9B6C61E2D7615000BE064 /* Base */,
			);
			name = LaunchScreen.storyboard;
			sourceTree = "<group>";
		};
/* End PBXVariantGroup section */

/* Begin XCBuildConfiguration section */
		B3E9B6D41E2D7615000BE064 /* Debug */ = {
			isa = XCBuildConfiguration;
			buildSettings = {
				ALWAYS_SEARCH_USER_PATHS = NO;
				CLANG_ANALYZER_NONNULL = YES;
				CLANG_CXX_LANGUAGE_STANDARD = "gnu++0x";
				CLANG_CXX_LIBRARY = "libc++";
				CLANG_ENABLE_MODULES = YES;
				CLANG_ENABLE_OBJC_ARC = YES;
				CLANG_WARN_BOOL_CONVERSION = YES;
				CLANG_WARN_CONSTANT_CONVERSION = YES;
				CLANG_WARN_DIRECT_OBJC_ISA_USAGE = YES_ERROR;
				CLANG_WARN_DOCUMENTATION_COMMENTS = YES;
				CLANG_WARN_EMPTY_BODY = YES;
				CLANG_WARN_ENUM_CONVERSION = YES;
				CLANG_WARN_INFINITE_RECURSION = YES;
				CLANG_WARN_INT_CONVERSION = YES;
				CLANG_WARN_OBJC_ROOT_CLASS = YES_ERROR;
				CLANG_WARN_SUSPICIOUS_MOVE = YES;
				CLANG_WARN_UNREACHABLE_CODE = YES;
				CLANG_WARN__DUPLICATE_METHOD_MATCH = YES;
				"CODE_SIGN_IDENTITY[sdk=iphoneos*]" = "iPhone Developer";
				COPY_PHASE_STRIP = NO;
				DEBUG_INFORMATION_FORMAT = dwarf;
				ENABLE_STRICT_OBJC_MSGSEND = YES;
				ENABLE_TESTABILITY = YES;
				GCC_C_LANGUAGE_STANDARD = gnu99;
				GCC_DYNAMIC_NO_PIC = NO;
				GCC_NO_COMMON_BLOCKS = YES;
				GCC_OPTIMIZATION_LEVEL = 0;
				GCC_PREPROCESSOR_DEFINITIONS = (
					"DEBUG=1",
					"$(inherited)",
				);
				GCC_WARN_64_TO_32_BIT_CONVERSION = YES;
				GCC_WARN_ABOUT_RETURN_TYPE = YES_ERROR;
				GCC_WARN_UNDECLARED_SELECTOR = YES;
				GCC_WARN_UNINITIALIZED_AUTOS = YES_AGGRESSIVE;
				GCC_WARN_UNUSED_FUNCTION = YES;
				GCC_WARN_UNUSED_VARIABLE = YES;
				IPHONEOS_DEPLOYMENT_TARGET = 10.2;
				MTL_ENABLE_DEBUG_INFO = YES;
				ONLY_ACTIVE_ARCH = YES;
				SDKROOT = iphoneos;
				SWIFT_ACTIVE_COMPILATION_CONDITIONS = DEBUG;
				SWIFT_OPTIMIZATION_LEVEL = "-Onone";
				TARGETED_DEVICE_FAMILY = "1,2";
			};
			name = Debug;
		};
		B3E9B6D51E2D7615000BE064 /* Release */ = {
			isa = XCBuildConfiguration;
			buildSettings = {
				ALWAYS_SEARCH_USER_PATHS = NO;
				CLANG_ANALYZER_NONNULL = YES;
				CLANG_CXX_LANGUAGE_STANDARD = "gnu++0x";
				CLANG_CXX_LIBRARY = "libc++";
				CLANG_ENABLE_MODULES = YES;
				CLANG_ENABLE_OBJC_ARC = YES;
				CLANG_WARN_BOOL_CONVERSION = YES;
				CLANG_WARN_CONSTANT_CONVERSION = YES;
				CLANG_WARN_DIRECT_OBJC_ISA_USAGE = YES_ERROR;
				CLANG_WARN_DOCUMENTATION_COMMENTS = YES;
				CLANG_WARN_EMPTY_BODY = YES;
				CLANG_WARN_ENUM_CONVERSION = YES;
				CLANG_WARN_INFINITE_RECURSION = YES;
				CLANG_WARN_INT_CONVERSION = YES;
				CLANG_WARN_OBJC_ROOT_CLASS = YES_ERROR;
				CLANG_WARN_SUSPICIOUS_MOVE = YES;
				CLANG_WARN_UNREACHABLE_CODE = YES;
				CLANG_WARN__DUPLICATE_METHOD_MATCH = YES;
				"CODE_SIGN_IDENTITY[sdk=iphoneos*]" = "iPhone Developer";
				COPY_PHASE_STRIP = NO;
				DEBUG_INFORMATION_FORMAT = "dwarf-with-dsym";
				ENABLE_NS_ASSERTIONS = NO;
				ENABLE_STRICT_OBJC_MSGSEND = YES;
				GCC_C_LANGUAGE_STANDARD = gnu99;
				GCC_NO_COMMON_BLOCKS = YES;
				GCC_WARN_64_TO_32_BIT_CONVERSION = YES;
				GCC_WARN_ABOUT_RETURN_TYPE = YES_ERROR;
				GCC_WARN_UNDECLARED_SELECTOR = YES;
				GCC_WARN_UNINITIALIZED_AUTOS = YES_AGGRESSIVE;
				GCC_WARN_UNUSED_FUNCTION = YES;
				GCC_WARN_UNUSED_VARIABLE = YES;
				IPHONEOS_DEPLOYMENT_TARGET = 10.2;
				MTL_ENABLE_DEBUG_INFO = NO;
				SDKROOT = iphoneos;
				SWIFT_OPTIMIZATION_LEVEL = "-Owholemodule";
				TARGETED_DEVICE_FAMILY = "1,2";
				VALIDATE_PRODUCT = YES;
			};
			name = Release;
		};
		B3E9B6D71E2D7615000BE064 /* Debug */ = {
			isa = XCBuildConfiguration;
			buildSettings = {
				ASSETCATALOG_COMPILER_APPICON_NAME = AppIcon;
				DEVELOPMENT_TEAM = 6K6CP7SKQB;
				INFOPLIST_FILE = "EasyPhotoGallery-Example/Info.plist";
				LD_RUNPATH_SEARCH_PATHS = "$(inherited) @executable_path/Frameworks";
				PRODUCT_BUNDLE_IDENTIFIER = "com.giancarlo.EasyPhotoGallery-Example";
				PRODUCT_NAME = "$(TARGET_NAME)";
				SWIFT_VERSION = 3.0;
			};
			name = Debug;
		};
		B3E9B6D81E2D7615000BE064 /* Release */ = {
			isa = XCBuildConfiguration;
			buildSettings = {
				ASSETCATALOG_COMPILER_APPICON_NAME = AppIcon;
				DEVELOPMENT_TEAM = 6K6CP7SKQB;
				INFOPLIST_FILE = "EasyPhotoGallery-Example/Info.plist";
				LD_RUNPATH_SEARCH_PATHS = "$(inherited) @executable_path/Frameworks";
				PRODUCT_BUNDLE_IDENTIFIER = "com.giancarlo.EasyPhotoGallery-Example";
				PRODUCT_NAME = "$(TARGET_NAME)";
				SWIFT_VERSION = 3.0;
			};
			name = Release;
		};
		B3E9B6DA1E2D7615000BE064 /* Debug */ = {
			isa = XCBuildConfiguration;
			buildSettings = {
				ALWAYS_EMBED_SWIFT_STANDARD_LIBRARIES = YES;
				BUNDLE_LOADER = "$(TEST_HOST)";
				DEVELOPMENT_TEAM = 6K6CP7SKQB;
				INFOPLIST_FILE = "EasyPhotoGallery-ExampleTests/Info.plist";
				LD_RUNPATH_SEARCH_PATHS = "$(inherited) @executable_path/Frameworks @loader_path/Frameworks";
				PRODUCT_BUNDLE_IDENTIFIER = "com.giancarlo.EasyPhotoGallery-ExampleTests";
				PRODUCT_NAME = "$(TARGET_NAME)";
				SWIFT_VERSION = 3.0;
				TEST_HOST = "$(BUILT_PRODUCTS_DIR)/EasyPhotoGallery-Example.app/EasyPhotoGallery-Example";
			};
			name = Debug;
		};
		B3E9B6DB1E2D7615000BE064 /* Release */ = {
			isa = XCBuildConfiguration;
			buildSettings = {
				ALWAYS_EMBED_SWIFT_STANDARD_LIBRARIES = YES;
				BUNDLE_LOADER = "$(TEST_HOST)";
				DEVELOPMENT_TEAM = 6K6CP7SKQB;
				INFOPLIST_FILE = "EasyPhotoGallery-ExampleTests/Info.plist";
				LD_RUNPATH_SEARCH_PATHS = "$(inherited) @executable_path/Frameworks @loader_path/Frameworks";
				PRODUCT_BUNDLE_IDENTIFIER = "com.giancarlo.EasyPhotoGallery-ExampleTests";
				PRODUCT_NAME = "$(TARGET_NAME)";
				SWIFT_VERSION = 3.0;
				TEST_HOST = "$(BUILT_PRODUCTS_DIR)/EasyPhotoGallery-Example.app/EasyPhotoGallery-Example";
			};
			name = Release;
		};
/* End XCBuildConfiguration section */

/* Begin XCConfigurationList section */
		B3E9B6B41E2D7615000BE064 /* Build configuration list for PBXProject "EasyPhotoGallery-Example" */ = {
			isa = XCConfigurationList;
			buildConfigurations = (
				B3E9B6D41E2D7615000BE064 /* Debug */,
				B3E9B6D51E2D7615000BE064 /* Release */,
			);
			defaultConfigurationIsVisible = 0;
			defaultConfigurationName = Release;
		};
		B3E9B6D61E2D7615000BE064 /* Build configuration list for PBXNativeTarget "EasyPhotoGallery-Example" */ = {
			isa = XCConfigurationList;
			buildConfigurations = (
				B3E9B6D71E2D7615000BE064 /* Debug */,
				B3E9B6D81E2D7615000BE064 /* Release */,
			);
			defaultConfigurationIsVisible = 0;
			defaultConfigurationName = Release;
		};
		B3E9B6D91E2D7615000BE064 /* Build configuration list for PBXNativeTarget "EasyPhotoGallery-ExampleTests" */ = {
			isa = XCConfigurationList;
			buildConfigurations = (
				B3E9B6DA1E2D7615000BE064 /* Debug */,
				B3E9B6DB1E2D7615000BE064 /* Release */,
			);
			defaultConfigurationIsVisible = 0;
			defaultConfigurationName = Release;
		};
/* End XCConfigurationList section */
	};
	rootObject = B3E9B6B11E2D7615000BE064 /* Project object */;
}
